
Microsoft Visual Studio Solution File, Format Version 12.00
# Visual Studio Version 16
VisualStudioVersion = 16.0.36128.20
MinimumVisualStudioVersion = 10.0.40219.1
Project("{FAE04EC0-301F-11D3-BF4B-00C04F79EFBC}") = "EBProject", "EBProject.csproj", "{14F79175-0819-44B4-980B-96D2C1311B96}"
EndProject
Global
	GlobalSection(SolutionConfigurationPlatforms) = preSolution
		Debug|Any CPU = Debug|Any CPU
		Release|Any CPU = Release|Any CPU
	EndGlobalSection
	GlobalSection(ProjectConfigurationPlatforms) = postSolution
		{14F79175-0819-44B4-980B-96D2C1311B96}.Debug|Any CPU.ActiveCfg = Debug|Any CPU
		{14F79175-0819-44B4-980B-96D2C1311B96}.Debug|Any CPU.Build.0 = Debug|Any CPU
		{14F79175-0819-44B4-980B-96D2C1311B96}.Release|Any CPU.ActiveCfg = Release|Any CPU
		{14F79175-0819-44B4-980B-96D2C1311B96}.Release|Any CPU.Build.0 = Release|Any CPU
	EndGlobalSection
	GlobalSection(SolutionProperties) = preSolution
		HideSolutionNode = FALSE
	EndGlobalSection
	GlobalSection(ExtensibilityGlobals) = postSolution
		SolutionGuid = {C4C24CDF-BE13-47D8-B981-149BA140E123}
	EndGlobalSection
EndGlobal
