
Microsoft Visual Studio Solution File, Format Version 12.00
# Visual Studio Version 16
VisualStudioVersion = 16.0.36128.20
MinimumVisualStudioVersion = 10.0.40219.1
Project("{FAE04EC0-301F-11D3-BF4B-00C04F79EFBC}") = "CodeChallenge2", "CodeChallenge2.csproj", "{768E285F-3793-4D6D-97E8-4363AA27D127}"
EndProject
Global
	GlobalSection(SolutionConfigurationPlatforms) = preSolution
		Debug|Any CPU = Debug|Any CPU
		Release|Any CPU = Release|Any CPU
	EndGlobalSection
	GlobalSection(ProjectConfigurationPlatforms) = postSolution
		{768E285F-3793-4D6D-97E8-4363AA27D127}.Debug|Any CPU.ActiveCfg = Debug|Any CPU
		{768E285F-3793-4D6D-97E8-4363AA27D127}.Debug|Any CPU.Build.0 = Debug|Any CPU
		{768E285F-3793-4D6D-97E8-4363AA27D127}.Release|Any CPU.ActiveCfg = Release|Any CPU
		{768E285F-3793-4D6D-97E8-4363AA27D127}.Release|Any CPU.Build.0 = Release|Any CPU
	EndGlobalSection
	GlobalSection(SolutionProperties) = preSolution
		HideSolutionNode = FALSE
	EndGlobalSection
	GlobalSection(ExtensibilityGlobals) = postSolution
		SolutionGuid = {A8FC65DC-326E-4D7D-97F2-180DFA3DB8BA}
	EndGlobalSection
EndGlobal
